
Microsoft Visual Studio Solution File, Format Version 12.00
# Visual Studio Version 16
VisualStudioVersion = 16.0.31105.61
MinimumVisualStudioVersion = 10.0.40219.1
Project("{9A19103F-16F7-4668-BE54-9A1E7A4F7556}") = "LabHill", "LabHill\LabHill.csproj", "{C8336A52-0D03-445B-96EE-23EF843AFA83}"
EndProject
Project("{9A19103F-16F7-4668-BE54-9A1E7A4F7556}") = "LabHill.Tests", "LabHill.Tests\LabHill.Tests.csproj", "{3EF8B386-E1F4-4C18-A285-8BE1D03987E8}"
EndProject
Global
	GlobalSection(SolutionConfigurationPlatforms) = preSolution
		Debug|Any CPU = Debug|Any CPU
		Release|Any CPU = Release|Any CPU
	EndGlobalSection
	GlobalSection(ProjectConfigurationPlatforms) = postSolution
		{C8336A52-0D03-445B-96EE-23EF843AFA83}.Debug|Any CPU.ActiveCfg = Debug|Any CPU
		{C8336A52-0D03-445B-96EE-23EF843AFA83}.Debug|Any CPU.Build.0 = Debug|Any CPU
		{C8336A52-0D03-445B-96EE-23EF843AFA83}.Release|Any CPU.ActiveCfg = Release|Any CPU
		{C8336A52-0D03-445B-96EE-23EF843AFA83}.Release|Any CPU.Build.0 = Release|Any CPU
		{3EF8B386-E1F4-4C18-A285-8BE1D03987E8}.Debug|Any CPU.ActiveCfg = Debug|Any CPU
		{3EF8B386-E1F4-4C18-A285-8BE1D03987E8}.Debug|Any CPU.Build.0 = Debug|Any CPU
		{3EF8B386-E1F4-4C18-A285-8BE1D03987E8}.Release|Any CPU.ActiveCfg = Release|Any CPU
		{3EF8B386-E1F4-4C18-A285-8BE1D03987E8}.Release|Any CPU.Build.0 = Release|Any CPU
	EndGlobalSection
	GlobalSection(SolutionProperties) = preSolution
		HideSolutionNode = FALSE
	EndGlobalSection
	GlobalSection(ExtensibilityGlobals) = postSolution
		SolutionGuid = {4AAE28F4-99DE-4628-90E1-A8673DDFDEED}
	EndGlobalSection
EndGlobal
